
Microsoft Visual Studio Solution File, Format Version 12.00
Project("{2150E333-8FDC-42A3-9474-1A3956D46DE8}") = "Repo", "Repo", "{5B0E440E-FC7D-4306-86AC-FC8B75BB1ED8}"
	ProjectSection(SolutionItems) = preProject
		License.txt = License.txt
		ReadMe.md = ReadMe.md
		.gitignore = .gitignore
	EndProjectSection
EndProject
Project("{2150E333-8FDC-42A3-9474-1A3956D46DE8}") = "Examples", "Examples", "{3B522E65-A902-4A40-88D1-B332C2C3D2CB}"
EndProject
Project("{2150E333-8FDC-42A3-9474-1A3956D46DE8}") = "Renderers", "Renderers", "{D80512F7-C352-4BD7-99A8-2D380494B3E8}"
EndProject
Project("{2150E333-8FDC-42A3-9474-1A3956D46DE8}") = "Core", "Core", "{D8E6EB8A-4E92-413C-8BED-631098302053}"
EndProject
Project("{2150E333-8FDC-42A3-9474-1A3956D46DE8}") = "OpenGl", "OpenGl", "{BCB5D11D-AC1A-4B7A-9415-BD38C8FA6584}"
EndProject
Project("{2150E333-8FDC-42A3-9474-1A3956D46DE8}") = "Raylib", "Raylib", "{CF55A0AE-A454-41C7-A921-82E1CA126DFE}"
	ProjectSection(SolutionItems) = preProject
		src\Renderers\Raylib\ReadMe.md = src\Renderers\Raylib\ReadMe.md
	EndProjectSection
EndProject
Project("{2150E333-8FDC-42A3-9474-1A3956D46DE8}") = "OpenGl", "OpenGl", "{DEAC363D-2625-4A0D-AE28-AA26D8DCA005}"
EndProject
Project("{2150E333-8FDC-42A3-9474-1A3956D46DE8}") = "Raylib", "Raylib", "{C58E73B1-33D4-4C9C-97D9-59FCBCDAB7D1}"
EndProject
Project("{2150E333-8FDC-42A3-9474-1A3956D46DE8}") = "Library", "Library", "{4223FF19-0D8A-4F4B-A056-A1FDFC0602F7}"
EndProject
Project("{FAE04EC0-301F-11D3-BF4B-00C04F79EFBC}") = "CopperDevs.DearImGui", "src\Core\CopperDevs.DearImGui\CopperDevs.DearImGui.csproj", "{1563D611-4A22-41AB-B78C-F2DE82AD8ADB}"
EndProject
Project("{FAE04EC0-301F-11D3-BF4B-00C04F79EFBC}") = "CopperDevs.DearImGui.Testing", "src\Core\CopperDevs.DearImGui.Testing\CopperDevs.DearImGui.Testing.csproj", "{63C8DD3F-08AC-4AD9-B12A-69DFED81D841}"
EndProject
Project("{FAE04EC0-301F-11D3-BF4B-00C04F79EFBC}") = "CopperDevs.DearImGui.Renderer.OpenGl.SilkNet", "src\Renderers\OpenGl\CopperDevs.DearImGui.Renderer.OpenGl.SilkNet\CopperDevs.DearImGui.Renderer.OpenGl.SilkNet.csproj", "{B8EBC35C-DCD7-477D-9F55-E98738A38DFE}"
EndProject
Project("{FAE04EC0-301F-11D3-BF4B-00C04F79EFBC}") = "CopperDevs.DearImGui.Renderer.Raylib", "src\Renderers\Raylib\CopperDevs.DearImGui.Renderer.Raylib\CopperDevs.DearImGui.Renderer.Raylib.csproj", "{E2559F59-4655-42BB-84DC-467FCC7963E7}"
EndProject
Project("{FAE04EC0-301F-11D3-BF4B-00C04F79EFBC}") = "CopperDevs.DearImGui.Renderer.Raylib.Raylib-cs", "src\Renderers\Raylib\CopperDevs.DearImGui.Renderer.Raylib.Raylib-cs\CopperDevs.DearImGui.Renderer.Raylib.Raylib-cs.csproj", "{820CC650-48C9-4A5F-94E2-4FA35BF9316A}"
EndProject
Project("{FAE04EC0-301F-11D3-BF4B-00C04F79EFBC}") = "CopperDevs.DearImGui.Renderer.Raylib.Raylib-CSharp", "src\Renderers\Raylib\CopperDevs.DearImGui.Renderer.Raylib.Raylib-CSharp\CopperDevs.DearImGui.Renderer.Raylib.Raylib-CSharp.csproj", "{9DC9DA21-78B3-4592-99F7-5424031C64DF}"
EndProject
Project("{FAE04EC0-301F-11D3-BF4B-00C04F79EFBC}") = "CopperDevs.DearImGui.Renderer.Raylib.Raylib-CSharp-Vinculum", "src\Renderers\Raylib\CopperDevs.DearImGui.Renderer.Raylib.Raylib-CSharp-Vinculum\CopperDevs.DearImGui.Renderer.Raylib.Raylib-CSharp-Vinculum.csproj", "{D0B6E6C0-7D6C-4AF7-BBF1-DACB1416B449}"
EndProject
Project("{FAE04EC0-301F-11D3-BF4B-00C04F79EFBC}") = "CopperDevs.DearImGui.Example.Sparkle", "src\Examples\Library\CopperDevs.DearImGui.Example.Sparkle\CopperDevs.DearImGui.Example.Sparkle.csproj", "{0A97E0F3-C134-4B28-824B-B572F909130C}"
EndProject
Project("{FAE04EC0-301F-11D3-BF4B-00C04F79EFBC}") = "CopperDevs.DearImGui.Example.OpenGl.SilkNet", "src\Examples\OpenGl\CopperDevs.DearImGui.Example.OpenGl.SilkNet\CopperDevs.DearImGui.Example.OpenGl.SilkNet.csproj", "{87F3C297-5D0B-4178-8162-545C8462BE61}"
EndProject
Project("{FAE04EC0-301F-11D3-BF4B-00C04F79EFBC}") = "CopperDevs.DearImGui.Example.Raylib.Raylib-cs", "src\Examples\Raylib\CopperDevs.DearImGui.Example.Raylib.Raylib-cs\CopperDevs.DearImGui.Example.Raylib.Raylib-cs.csproj", "{6A8A9C0C-F2E8-48A8-9FC2-9B041E381B6D}"
EndProject
Project("{FAE04EC0-301F-11D3-BF4B-00C04F79EFBC}") = "CopperDevs.DearImGui.Example.Raylib.Raylib-CSharp", "src\Examples\Raylib\CopperDevs.DearImGui.Example.Raylib.Raylib-CSharp\CopperDevs.DearImGui.Example.Raylib.Raylib-CSharp.csproj", "{C98F8037-E5E1-4DD0-99EF-1522DA861A06}"
EndProject
Project("{FAE04EC0-301F-11D3-BF4B-00C04F79EFBC}") = "CopperDevs.DearImGui.Example.Raylib.Raylib-CSharp-Vinculum", "src\Examples\Raylib\CopperDevs.DearImGui.Example.Raylib.Raylib-CSharp-Vinculum\CopperDevs.DearImGui.Example.Raylib.Raylib-CSharp-Vinculum.csproj", "{CB536AF6-86A5-449A-9E2B-CEB6446547DE}"
EndProject
Global
	GlobalSection(SolutionConfigurationPlatforms) = preSolution
		Debug|Any CPU = Debug|Any CPU
		Release|Any CPU = Release|Any CPU
	EndGlobalSection
	GlobalSection(ProjectConfigurationPlatforms) = postSolution
		{1563D611-4A22-41AB-B78C-F2DE82AD8ADB}.Debug|Any CPU.ActiveCfg = Debug|Any CPU
		{1563D611-4A22-41AB-B78C-F2DE82AD8ADB}.Debug|Any CPU.Build.0 = Debug|Any CPU
		{1563D611-4A22-41AB-B78C-F2DE82AD8ADB}.Release|Any CPU.ActiveCfg = Release|Any CPU
		{1563D611-4A22-41AB-B78C-F2DE82AD8ADB}.Release|Any CPU.Build.0 = Release|Any CPU
		{63C8DD3F-08AC-4AD9-B12A-69DFED81D841}.Debug|Any CPU.ActiveCfg = Debug|Any CPU
		{63C8DD3F-08AC-4AD9-B12A-69DFED81D841}.Debug|Any CPU.Build.0 = Debug|Any CPU
		{63C8DD3F-08AC-4AD9-B12A-69DFED81D841}.Release|Any CPU.ActiveCfg = Release|Any CPU
		{63C8DD3F-08AC-4AD9-B12A-69DFED81D841}.Release|Any CPU.Build.0 = Release|Any CPU
		{B8EBC35C-DCD7-477D-9F55-E98738A38DFE}.Debug|Any CPU.ActiveCfg = Debug|Any CPU
		{B8EBC35C-DCD7-477D-9F55-E98738A38DFE}.Debug|Any CPU.Build.0 = Debug|Any CPU
		{B8EBC35C-DCD7-477D-9F55-E98738A38DFE}.Release|Any CPU.ActiveCfg = Release|Any CPU
		{B8EBC35C-DCD7-477D-9F55-E98738A38DFE}.Release|Any CPU.Build.0 = Release|Any CPU
		{E2559F59-4655-42BB-84DC-467FCC7963E7}.Debug|Any CPU.ActiveCfg = Debug|Any CPU
		{E2559F59-4655-42BB-84DC-467FCC7963E7}.Debug|Any CPU.Build.0 = Debug|Any CPU
		{E2559F59-4655-42BB-84DC-467FCC7963E7}.Release|Any CPU.ActiveCfg = Release|Any CPU
		{E2559F59-4655-42BB-84DC-467FCC7963E7}.Release|Any CPU.Build.0 = Release|Any CPU
		{820CC650-48C9-4A5F-94E2-4FA35BF9316A}.Debug|Any CPU.ActiveCfg = Debug|Any CPU
		{820CC650-48C9-4A5F-94E2-4FA35BF9316A}.Debug|Any CPU.Build.0 = Debug|Any CPU
		{820CC650-48C9-4A5F-94E2-4FA35BF9316A}.Release|Any CPU.ActiveCfg = Release|Any CPU
		{820CC650-48C9-4A5F-94E2-4FA35BF9316A}.Release|Any CPU.Build.0 = Release|Any CPU
		{9DC9DA21-78B3-4592-99F7-5424031C64DF}.Debug|Any CPU.ActiveCfg = Debug|Any CPU
		{9DC9DA21-78B3-4592-99F7-5424031C64DF}.Debug|Any CPU.Build.0 = Debug|Any CPU
		{9DC9DA21-78B3-4592-99F7-5424031C64DF}.Release|Any CPU.ActiveCfg = Release|Any CPU
		{9DC9DA21-78B3-4592-99F7-5424031C64DF}.Release|Any CPU.Build.0 = Release|Any CPU
		{D0B6E6C0-7D6C-4AF7-BBF1-DACB1416B449}.Debug|Any CPU.ActiveCfg = Debug|Any CPU
		{D0B6E6C0-7D6C-4AF7-BBF1-DACB1416B449}.Debug|Any CPU.Build.0 = Debug|Any CPU
		{D0B6E6C0-7D6C-4AF7-BBF1-DACB1416B449}.Release|Any CPU.ActiveCfg = Release|Any CPU
		{D0B6E6C0-7D6C-4AF7-BBF1-DACB1416B449}.Release|Any CPU.Build.0 = Release|Any CPU
		{0A97E0F3-C134-4B28-824B-B572F909130C}.Debug|Any CPU.ActiveCfg = Debug|Any CPU
		{0A97E0F3-C134-4B28-824B-B572F909130C}.Debug|Any CPU.Build.0 = Debug|Any CPU
		{0A97E0F3-C134-4B28-824B-B572F909130C}.Release|Any CPU.ActiveCfg = Release|Any CPU
		{0A97E0F3-C134-4B28-824B-B572F909130C}.Release|Any CPU.Build.0 = Release|Any CPU
		{87F3C297-5D0B-4178-8162-545C8462BE61}.Debug|Any CPU.ActiveCfg = Debug|Any CPU
		{87F3C297-5D0B-4178-8162-545C8462BE61}.Debug|Any CPU.Build.0 = Debug|Any CPU
		{87F3C297-5D0B-4178-8162-545C8462BE61}.Release|Any CPU.ActiveCfg = Release|Any CPU
		{87F3C297-5D0B-4178-8162-545C8462BE61}.Release|Any CPU.Build.0 = Release|Any CPU
		{6A8A9C0C-F2E8-48A8-9FC2-9B041E381B6D}.Debug|Any CPU.ActiveCfg = Debug|Any CPU
		{6A8A9C0C-F2E8-48A8-9FC2-9B041E381B6D}.Debug|Any CPU.Build.0 = Debug|Any CPU
		{6A8A9C0C-F2E8-48A8-9FC2-9B041E381B6D}.Release|Any CPU.ActiveCfg = Release|Any CPU
		{6A8A9C0C-F2E8-48A8-9FC2-9B041E381B6D}.Release|Any CPU.Build.0 = Release|Any CPU
		{C98F8037-E5E1-4DD0-99EF-1522DA861A06}.Debug|Any CPU.ActiveCfg = Debug|Any CPU
		{C98F8037-E5E1-4DD0-99EF-1522DA861A06}.Debug|Any CPU.Build.0 = Debug|Any CPU
		{C98F8037-E5E1-4DD0-99EF-1522DA861A06}.Release|Any CPU.ActiveCfg = Release|Any CPU
		{C98F8037-E5E1-4DD0-99EF-1522DA861A06}.Release|Any CPU.Build.0 = Release|Any CPU
		{CB536AF6-86A5-449A-9E2B-CEB6446547DE}.Debug|Any CPU.ActiveCfg = Debug|Any CPU
		{CB536AF6-86A5-449A-9E2B-CEB6446547DE}.Debug|Any CPU.Build.0 = Debug|Any CPU
		{CB536AF6-86A5-449A-9E2B-CEB6446547DE}.Release|Any CPU.ActiveCfg = Release|Any CPU
		{CB536AF6-86A5-449A-9E2B-CEB6446547DE}.Release|Any CPU.Build.0 = Release|Any CPU
	EndGlobalSection
	GlobalSection(NestedProjects) = preSolution
		{BCB5D11D-AC1A-4B7A-9415-BD38C8FA6584} = {D80512F7-C352-4BD7-99A8-2D380494B3E8}
		{CF55A0AE-A454-41C7-A921-82E1CA126DFE} = {D80512F7-C352-4BD7-99A8-2D380494B3E8}
		{DEAC363D-2625-4A0D-AE28-AA26D8DCA005} = {3B522E65-A902-4A40-88D1-B332C2C3D2CB}
		{C58E73B1-33D4-4C9C-97D9-59FCBCDAB7D1} = {3B522E65-A902-4A40-88D1-B332C2C3D2CB}
		{4223FF19-0D8A-4F4B-A056-A1FDFC0602F7} = {3B522E65-A902-4A40-88D1-B332C2C3D2CB}
		{1563D611-4A22-41AB-B78C-F2DE82AD8ADB} = {D8E6EB8A-4E92-413C-8BED-631098302053}
		{63C8DD3F-08AC-4AD9-B12A-69DFED81D841} = {D8E6EB8A-4E92-413C-8BED-631098302053}
		{B8EBC35C-DCD7-477D-9F55-E98738A38DFE} = {BCB5D11D-AC1A-4B7A-9415-BD38C8FA6584}
		{E2559F59-4655-42BB-84DC-467FCC7963E7} = {CF55A0AE-A454-41C7-A921-82E1CA126DFE}
		{820CC650-48C9-4A5F-94E2-4FA35BF9316A} = {CF55A0AE-A454-41C7-A921-82E1CA126DFE}
		{9DC9DA21-78B3-4592-99F7-5424031C64DF} = {CF55A0AE-A454-41C7-A921-82E1CA126DFE}
		{D0B6E6C0-7D6C-4AF7-BBF1-DACB1416B449} = {CF55A0AE-A454-41C7-A921-82E1CA126DFE}
		{0A97E0F3-C134-4B28-824B-B572F909130C} = {4223FF19-0D8A-4F4B-A056-A1FDFC0602F7}
		{87F3C297-5D0B-4178-8162-545C8462BE61} = {DEAC363D-2625-4A0D-AE28-AA26D8DCA005}
		{6A8A9C0C-F2E8-48A8-9FC2-9B041E381B6D} = {C58E73B1-33D4-4C9C-97D9-59FCBCDAB7D1}
		{C98F8037-E5E1-4DD0-99EF-1522DA861A06} = {C58E73B1-33D4-4C9C-97D9-59FCBCDAB7D1}
		{CB536AF6-86A5-449A-9E2B-CEB6446547DE} = {C58E73B1-33D4-4C9C-97D9-59FCBCDAB7D1}
	EndGlobalSection
EndGlobal
