
Microsoft Visual Studio Solution File, Format Version 12.00
Project("{FAE04EC0-301F-11D3-BF4B-00C04F79EFBC}") = "CopperDevs.DearImGui", "CopperDevs.DearImGui\CopperDevs.DearImGui.csproj", "{91A296BF-CC95-441C-A89A-ABBDFBC94245}"
EndProject
Project("{2150E333-8FDC-42A3-9474-1A3956D46DE8}") = "Repo", "Repo", "{5B0E440E-FC7D-4306-86AC-FC8B75BB1ED8}"
	ProjectSection(SolutionItems) = preProject
		License.txt = License.txt
		ReadMe.md = ReadMe.md
		.gitignore = .gitignore
	EndProjectSection
EndProject
Project("{FAE04EC0-301F-11D3-BF4B-00C04F79EFBC}") = "CopperDevs.DearImGui.Example.Raylib", "CopperDevs.DearImGui.Example.Raylib\CopperDevs.DearImGui.Example.Raylib.csproj", "{49F9692E-8A73-49C5-BCDA-2E6DC4EFDADE}"
EndProject
Project("{FAE04EC0-301F-11D3-BF4B-00C04F79EFBC}") = "CopperDevs.DearImGui.Renderer.Raylib", "CopperDevs.DearImGui.Renderer.Raylib\CopperDevs.DearImGui.Renderer.Raylib.csproj", "{4E1BE947-CDE9-42D0-833F-A398005634F1}"
EndProject
Project("{FAE04EC0-301F-11D3-BF4B-00C04F79EFBC}") = "CopperDevs.DearImGui.Example.OpenGl.SilkNet", "CopperDevs.DearImGui.Example.OpenGl.SilkNet\CopperDevs.DearImGui.Example.OpenGl.SilkNet.csproj", "{00084F80-B522-4A3C-A094-1A5421155AF9}"
EndProject
Project("{FAE04EC0-301F-11D3-BF4B-00C04F79EFBC}") = "CopperDevs.DearImGui.Renderer.OpenGl.SilkNet", "CopperDevs.DearImGui.Renderer.OpenGl.SilkNet\CopperDevs.DearImGui.Renderer.OpenGl.SilkNet.csproj", "{647AE06D-93BF-4C4B-9D53-0FAA4F03757D}"
EndProject
Project("{2150E333-8FDC-42A3-9474-1A3956D46DE8}") = "Examples", "Examples", "{3B522E65-A902-4A40-88D1-B332C2C3D2CB}"
EndProject
Project("{2150E333-8FDC-42A3-9474-1A3956D46DE8}") = "Renderers", "Renderers", "{D80512F7-C352-4BD7-99A8-2D380494B3E8}"
EndProject
Project("{2150E333-8FDC-42A3-9474-1A3956D46DE8}") = "Core", "Core", "{D8E6EB8A-4E92-413C-8BED-631098302053}"
EndProject
Project("{FAE04EC0-301F-11D3-BF4B-00C04F79EFBC}") = "CopperDevs.DearImGui.Testing", "CopperDevs.DearImGui.Testing\CopperDevs.DearImGui.Testing.csproj", "{899D94B5-AAB0-4E91-AE5B-B9D7E67CD86A}"
EndProject
Project("{FAE04EC0-301F-11D3-BF4B-00C04F79EFBC}") = "CopperDevs.DearImGui.Renderer.OpenGl.OpenTk", "CopperDevs.DearImGui.Renderer.OpenGl.OpenTk\CopperDevs.DearImGui.Renderer.OpenGl.OpenTk.csproj", "{C9E8714D-8935-4A9D-8818-788A51B39C03}"
EndProject
Project("{FAE04EC0-301F-11D3-BF4B-00C04F79EFBC}") = "CopperDevs.DearImGui.Renderer.Vulkan.SilkNet", "CopperDevs.DearImGui.Renderer.Vulkan.SilkNet\CopperDevs.DearImGui.Renderer.Vulkan.SilkNet.csproj", "{579C514D-6C1C-4841-8216-B9BD87BD6593}"
EndProject
Project("{FAE04EC0-301F-11D3-BF4B-00C04F79EFBC}") = "CopperDevs.DearImGui.Example.Sparkle", "CopperDevs.DearImGui.Example.Sparkle\CopperDevs.DearImGui.Example.Sparkle.csproj", "{9D51330A-9B79-4FBA-87BC-A75B7D6FFE00}"
EndProject
Project("{2150E333-8FDC-42A3-9474-1A3956D46DE8}") = "OpenGl", "OpenGl", "{BCB5D11D-AC1A-4B7A-9415-BD38C8FA6584}"
EndProject
Project("{2150E333-8FDC-42A3-9474-1A3956D46DE8}") = "Vulkan", "Vulkan", "{27388D37-9EC6-4936-8772-E48BBF23D780}"
EndProject
Project("{2150E333-8FDC-42A3-9474-1A3956D46DE8}") = "Raylib", "Raylib", "{CF55A0AE-A454-41C7-A921-82E1CA126DFE}"
EndProject
Project("{FAE04EC0-301F-11D3-BF4B-00C04F79EFBC}") = "CopperDevs.DearImGui.Renderer.Raylib.Raylib-CSharp", "CopperDevs.DearImGui.Renderer.Raylib.Raylib-CSharp\CopperDevs.DearImGui.Renderer.Raylib.Raylib-CSharp.csproj", "{2E0FC782-3A2F-4BA3-8E0C-777A2A88BD1A}"
EndProject
Project("{FAE04EC0-301F-11D3-BF4B-00C04F79EFBC}") = "CopperDevs.DearImGui.Renderer.Raylib.Raylib-cs", "CopperDevs.DearImGui.Renderer.Raylib.Raylib-cs\CopperDevs.DearImGui.Renderer.Raylib.Raylib-cs.csproj", "{B203660B-7105-45F7-A03D-5CD5EC86A66A}"
EndProject
Project("{FAE04EC0-301F-11D3-BF4B-00C04F79EFBC}") = "CopperDevs.DearImGui.Renderer.Raylib.Raylib-CSharp-Vinculum", "CopperDevs.DearImGui.Renderer.Raylib.Raylib-CSharp-Vinculum\CopperDevs.DearImGui.Renderer.Raylib.Raylib-CSharp-Vinculum.csproj", "{F35E4079-EDEA-497B-A86C-28A0205262CC}"
EndProject
Global
	GlobalSection(SolutionConfigurationPlatforms) = preSolution
		Debug|Any CPU = Debug|Any CPU
		Release|Any CPU = Release|Any CPU
	EndGlobalSection
	GlobalSection(ProjectConfigurationPlatforms) = postSolution
		{91A296BF-CC95-441C-A89A-ABBDFBC94245}.Debug|Any CPU.ActiveCfg = Debug|Any CPU
		{91A296BF-CC95-441C-A89A-ABBDFBC94245}.Debug|Any CPU.Build.0 = Debug|Any CPU
		{91A296BF-CC95-441C-A89A-ABBDFBC94245}.Release|Any CPU.ActiveCfg = Release|Any CPU
		{91A296BF-CC95-441C-A89A-ABBDFBC94245}.Release|Any CPU.Build.0 = Release|Any CPU
		{49F9692E-8A73-49C5-BCDA-2E6DC4EFDADE}.Debug|Any CPU.ActiveCfg = Debug|Any CPU
		{49F9692E-8A73-49C5-BCDA-2E6DC4EFDADE}.Debug|Any CPU.Build.0 = Debug|Any CPU
		{49F9692E-8A73-49C5-BCDA-2E6DC4EFDADE}.Release|Any CPU.ActiveCfg = Release|Any CPU
		{49F9692E-8A73-49C5-BCDA-2E6DC4EFDADE}.Release|Any CPU.Build.0 = Release|Any CPU
		{4E1BE947-CDE9-42D0-833F-A398005634F1}.Debug|Any CPU.ActiveCfg = Debug|Any CPU
		{4E1BE947-CDE9-42D0-833F-A398005634F1}.Debug|Any CPU.Build.0 = Debug|Any CPU
		{4E1BE947-CDE9-42D0-833F-A398005634F1}.Release|Any CPU.ActiveCfg = Release|Any CPU
		{4E1BE947-CDE9-42D0-833F-A398005634F1}.Release|Any CPU.Build.0 = Release|Any CPU
		{00084F80-B522-4A3C-A094-1A5421155AF9}.Debug|Any CPU.ActiveCfg = Debug|Any CPU
		{00084F80-B522-4A3C-A094-1A5421155AF9}.Debug|Any CPU.Build.0 = Debug|Any CPU
		{00084F80-B522-4A3C-A094-1A5421155AF9}.Release|Any CPU.ActiveCfg = Release|Any CPU
		{00084F80-B522-4A3C-A094-1A5421155AF9}.Release|Any CPU.Build.0 = Release|Any CPU
		{647AE06D-93BF-4C4B-9D53-0FAA4F03757D}.Debug|Any CPU.ActiveCfg = Debug|Any CPU
		{647AE06D-93BF-4C4B-9D53-0FAA4F03757D}.Debug|Any CPU.Build.0 = Debug|Any CPU
		{647AE06D-93BF-4C4B-9D53-0FAA4F03757D}.Release|Any CPU.ActiveCfg = Release|Any CPU
		{647AE06D-93BF-4C4B-9D53-0FAA4F03757D}.Release|Any CPU.Build.0 = Release|Any CPU
		{899D94B5-AAB0-4E91-AE5B-B9D7E67CD86A}.Debug|Any CPU.ActiveCfg = Debug|Any CPU
		{899D94B5-AAB0-4E91-AE5B-B9D7E67CD86A}.Debug|Any CPU.Build.0 = Debug|Any CPU
		{899D94B5-AAB0-4E91-AE5B-B9D7E67CD86A}.Release|Any CPU.ActiveCfg = Release|Any CPU
		{899D94B5-AAB0-4E91-AE5B-B9D7E67CD86A}.Release|Any CPU.Build.0 = Release|Any CPU
		{C9E8714D-8935-4A9D-8818-788A51B39C03}.Debug|Any CPU.ActiveCfg = Debug|Any CPU
		{C9E8714D-8935-4A9D-8818-788A51B39C03}.Debug|Any CPU.Build.0 = Debug|Any CPU
		{C9E8714D-8935-4A9D-8818-788A51B39C03}.Release|Any CPU.ActiveCfg = Release|Any CPU
		{C9E8714D-8935-4A9D-8818-788A51B39C03}.Release|Any CPU.Build.0 = Release|Any CPU
		{579C514D-6C1C-4841-8216-B9BD87BD6593}.Debug|Any CPU.ActiveCfg = Debug|Any CPU
		{579C514D-6C1C-4841-8216-B9BD87BD6593}.Debug|Any CPU.Build.0 = Debug|Any CPU
		{579C514D-6C1C-4841-8216-B9BD87BD6593}.Release|Any CPU.ActiveCfg = Release|Any CPU
		{579C514D-6C1C-4841-8216-B9BD87BD6593}.Release|Any CPU.Build.0 = Release|Any CPU
		{9D51330A-9B79-4FBA-87BC-A75B7D6FFE00}.Debug|Any CPU.ActiveCfg = Debug|Any CPU
		{9D51330A-9B79-4FBA-87BC-A75B7D6FFE00}.Debug|Any CPU.Build.0 = Debug|Any CPU
		{9D51330A-9B79-4FBA-87BC-A75B7D6FFE00}.Release|Any CPU.ActiveCfg = Release|Any CPU
		{9D51330A-9B79-4FBA-87BC-A75B7D6FFE00}.Release|Any CPU.Build.0 = Release|Any CPU
		{2E0FC782-3A2F-4BA3-8E0C-777A2A88BD1A}.Debug|Any CPU.ActiveCfg = Debug|Any CPU
		{2E0FC782-3A2F-4BA3-8E0C-777A2A88BD1A}.Debug|Any CPU.Build.0 = Debug|Any CPU
		{2E0FC782-3A2F-4BA3-8E0C-777A2A88BD1A}.Release|Any CPU.ActiveCfg = Release|Any CPU
		{2E0FC782-3A2F-4BA3-8E0C-777A2A88BD1A}.Release|Any CPU.Build.0 = Release|Any CPU
		{B203660B-7105-45F7-A03D-5CD5EC86A66A}.Debug|Any CPU.ActiveCfg = Debug|Any CPU
		{B203660B-7105-45F7-A03D-5CD5EC86A66A}.Debug|Any CPU.Build.0 = Debug|Any CPU
		{B203660B-7105-45F7-A03D-5CD5EC86A66A}.Release|Any CPU.ActiveCfg = Release|Any CPU
		{B203660B-7105-45F7-A03D-5CD5EC86A66A}.Release|Any CPU.Build.0 = Release|Any CPU
		{F35E4079-EDEA-497B-A86C-28A0205262CC}.Debug|Any CPU.ActiveCfg = Debug|Any CPU
		{F35E4079-EDEA-497B-A86C-28A0205262CC}.Debug|Any CPU.Build.0 = Debug|Any CPU
		{F35E4079-EDEA-497B-A86C-28A0205262CC}.Release|Any CPU.ActiveCfg = Release|Any CPU
		{F35E4079-EDEA-497B-A86C-28A0205262CC}.Release|Any CPU.Build.0 = Release|Any CPU
	EndGlobalSection
	GlobalSection(NestedProjects) = preSolution
		{00084F80-B522-4A3C-A094-1A5421155AF9} = {3B522E65-A902-4A40-88D1-B332C2C3D2CB}
		{49F9692E-8A73-49C5-BCDA-2E6DC4EFDADE} = {3B522E65-A902-4A40-88D1-B332C2C3D2CB}
		{91A296BF-CC95-441C-A89A-ABBDFBC94245} = {D8E6EB8A-4E92-413C-8BED-631098302053}
		{899D94B5-AAB0-4E91-AE5B-B9D7E67CD86A} = {D8E6EB8A-4E92-413C-8BED-631098302053}
		{9D51330A-9B79-4FBA-87BC-A75B7D6FFE00} = {3B522E65-A902-4A40-88D1-B332C2C3D2CB}
		{BCB5D11D-AC1A-4B7A-9415-BD38C8FA6584} = {D80512F7-C352-4BD7-99A8-2D380494B3E8}
		{27388D37-9EC6-4936-8772-E48BBF23D780} = {D80512F7-C352-4BD7-99A8-2D380494B3E8}
		{CF55A0AE-A454-41C7-A921-82E1CA126DFE} = {D80512F7-C352-4BD7-99A8-2D380494B3E8}
		{C9E8714D-8935-4A9D-8818-788A51B39C03} = {BCB5D11D-AC1A-4B7A-9415-BD38C8FA6584}
		{647AE06D-93BF-4C4B-9D53-0FAA4F03757D} = {BCB5D11D-AC1A-4B7A-9415-BD38C8FA6584}
		{579C514D-6C1C-4841-8216-B9BD87BD6593} = {27388D37-9EC6-4936-8772-E48BBF23D780}
		{4E1BE947-CDE9-42D0-833F-A398005634F1} = {CF55A0AE-A454-41C7-A921-82E1CA126DFE}
		{2E0FC782-3A2F-4BA3-8E0C-777A2A88BD1A} = {CF55A0AE-A454-41C7-A921-82E1CA126DFE}
		{B203660B-7105-45F7-A03D-5CD5EC86A66A} = {CF55A0AE-A454-41C7-A921-82E1CA126DFE}
		{F35E4079-EDEA-497B-A86C-28A0205262CC} = {CF55A0AE-A454-41C7-A921-82E1CA126DFE}
	EndGlobalSection
EndGlobal
