
Microsoft Visual Studio Solution File, Format Version 12.00
Project("{FAE04EC0-301F-11D3-BF4B-00C04F79EFBC}") = "CopperDevs.DearImGui", "CopperDevs.DearImGui\CopperDevs.DearImGui.csproj", "{91A296BF-CC95-441C-A89A-ABBDFBC94245}"
EndProject
Project("{2150E333-8FDC-42A3-9474-1A3956D46DE8}") = "Repo", "Repo", "{5B0E440E-FC7D-4306-86AC-FC8B75BB1ED8}"
	ProjectSection(SolutionItems) = preProject
		License.txt = License.txt
		ReadMe.md = ReadMe.md
	EndProjectSection
EndProject
Project("{FAE04EC0-301F-11D3-BF4B-00C04F79EFBC}") = "CopperDevs.DearImGui.Example.Raylib", "CopperDevs.DearImGui.Example.Raylib\CopperDevs.DearImGui.Example.Raylib.csproj", "{49F9692E-8A73-49C5-BCDA-2E6DC4EFDADE}"
EndProject
Project("{FAE04EC0-301F-11D3-BF4B-00C04F79EFBC}") = "CopperDevs.DearImGui.Renderer.Raylib", "CopperDevs.DearImGui.Renderer.Raylib\CopperDevs.DearImGui.Renderer.Raylib.csproj", "{4E1BE947-CDE9-42D0-833F-A398005634F1}"
EndProject
Project("{FAE04EC0-301F-11D3-BF4B-00C04F79EFBC}") = "CopperDevs.DearImGui.Example.OpenGl.SilkNet", "CopperDevs.DearImGui.Example.OpenGl.SilkNet\CopperDevs.DearImGui.Example.OpenGl.SilkNet.csproj", "{00084F80-B522-4A3C-A094-1A5421155AF9}"
EndProject
Project("{FAE04EC0-301F-11D3-BF4B-00C04F79EFBC}") = "CopperDevs.DearImGui.Renderer.OpenGl.SilkNet", "CopperDevs.DearImGui.Renderer.OpenGl.SilkNet\CopperDevs.DearImGui.Renderer.OpenGl.SilkNet.csproj", "{647AE06D-93BF-4C4B-9D53-0FAA4F03757D}"
EndProject
Project("{2150E333-8FDC-42A3-9474-1A3956D46DE8}") = "Examples", "Examples", "{3B522E65-A902-4A40-88D1-B332C2C3D2CB}"
EndProject
Project("{2150E333-8FDC-42A3-9474-1A3956D46DE8}") = "Renderers", "Renderers", "{D80512F7-C352-4BD7-99A8-2D380494B3E8}"
EndProject
Project("{2150E333-8FDC-42A3-9474-1A3956D46DE8}") = "Core", "Core", "{D8E6EB8A-4E92-413C-8BED-631098302053}"
EndProject
Project("{FAE04EC0-301F-11D3-BF4B-00C04F79EFBC}") = "CopperDevs.DearImGui.Testing", "CopperDevs.DearImGui.Testing\CopperDevs.DearImGui.Testing.csproj", "{899D94B5-AAB0-4E91-AE5B-B9D7E67CD86A}"
EndProject
Project("{2150E333-8FDC-42A3-9474-1A3956D46DE8}") = "Bindings", "Bindings", "{72BA773F-D9D7-408A-9E90-183AFF20B7BC}"
EndProject
Project("{FAE04EC0-301F-11D3-BF4B-00C04F79EFBC}") = "CopperDevs.DearImGui.Binding.ImGuiNET", "CopperDevs.DearImGui.Binding.ImGuiNET\CopperDevs.DearImGui.Binding.ImGuiNET.csproj", "{113CC8F6-7C4D-45F6-9531-0C485B2F6C28}"
EndProject
Project("{FAE04EC0-301F-11D3-BF4B-00C04F79EFBC}") = "CopperDevs.DearImGui.Binding.HexaNet", "CopperDevs.DearImGui.Binding.HexaNet\CopperDevs.DearImGui.Binding.HexaNet.csproj", "{5C94EAAF-DDB8-44E8-8197-A51C5C53A2CE}"
EndProject
Project("{FAE04EC0-301F-11D3-BF4B-00C04F79EFBC}") = "CopperDevs.DearImGui.Renderer.OpenGl.OpenTk", "CopperDevs.DearImGui.Renderer.OpenGl.OpenTk\CopperDevs.DearImGui.Renderer.OpenGl.OpenTk.csproj", "{C9E8714D-8935-4A9D-8818-788A51B39C03}"
EndProject
Project("{FAE04EC0-301F-11D3-BF4B-00C04F79EFBC}") = "CopperDevs.DearImGui.Renderer.Vulkan.SilkNet", "CopperDevs.DearImGui.Renderer.Vulkan.SilkNet\CopperDevs.DearImGui.Renderer.Vulkan.SilkNet.csproj", "{579C514D-6C1C-4841-8216-B9BD87BD6593}"
EndProject
Global
	GlobalSection(SolutionConfigurationPlatforms) = preSolution
		Debug|Any CPU = Debug|Any CPU
		Release|Any CPU = Release|Any CPU
	EndGlobalSection
	GlobalSection(ProjectConfigurationPlatforms) = postSolution
		{91A296BF-CC95-441C-A89A-ABBDFBC94245}.Debug|Any CPU.ActiveCfg = Debug|Any CPU
		{91A296BF-CC95-441C-A89A-ABBDFBC94245}.Debug|Any CPU.Build.0 = Debug|Any CPU
		{91A296BF-CC95-441C-A89A-ABBDFBC94245}.Release|Any CPU.ActiveCfg = Release|Any CPU
		{91A296BF-CC95-441C-A89A-ABBDFBC94245}.Release|Any CPU.Build.0 = Release|Any CPU
		{49F9692E-8A73-49C5-BCDA-2E6DC4EFDADE}.Debug|Any CPU.ActiveCfg = Debug|Any CPU
		{49F9692E-8A73-49C5-BCDA-2E6DC4EFDADE}.Debug|Any CPU.Build.0 = Debug|Any CPU
		{49F9692E-8A73-49C5-BCDA-2E6DC4EFDADE}.Release|Any CPU.ActiveCfg = Release|Any CPU
		{49F9692E-8A73-49C5-BCDA-2E6DC4EFDADE}.Release|Any CPU.Build.0 = Release|Any CPU
		{4E1BE947-CDE9-42D0-833F-A398005634F1}.Debug|Any CPU.ActiveCfg = Debug|Any CPU
		{4E1BE947-CDE9-42D0-833F-A398005634F1}.Debug|Any CPU.Build.0 = Debug|Any CPU
		{4E1BE947-CDE9-42D0-833F-A398005634F1}.Release|Any CPU.ActiveCfg = Release|Any CPU
		{4E1BE947-CDE9-42D0-833F-A398005634F1}.Release|Any CPU.Build.0 = Release|Any CPU
		{00084F80-B522-4A3C-A094-1A5421155AF9}.Debug|Any CPU.ActiveCfg = Debug|Any CPU
		{00084F80-B522-4A3C-A094-1A5421155AF9}.Debug|Any CPU.Build.0 = Debug|Any CPU
		{00084F80-B522-4A3C-A094-1A5421155AF9}.Release|Any CPU.ActiveCfg = Release|Any CPU
		{00084F80-B522-4A3C-A094-1A5421155AF9}.Release|Any CPU.Build.0 = Release|Any CPU
		{647AE06D-93BF-4C4B-9D53-0FAA4F03757D}.Debug|Any CPU.ActiveCfg = Debug|Any CPU
		{647AE06D-93BF-4C4B-9D53-0FAA4F03757D}.Debug|Any CPU.Build.0 = Debug|Any CPU
		{647AE06D-93BF-4C4B-9D53-0FAA4F03757D}.Release|Any CPU.ActiveCfg = Release|Any CPU
		{647AE06D-93BF-4C4B-9D53-0FAA4F03757D}.Release|Any CPU.Build.0 = Release|Any CPU
		{899D94B5-AAB0-4E91-AE5B-B9D7E67CD86A}.Debug|Any CPU.ActiveCfg = Debug|Any CPU
		{899D94B5-AAB0-4E91-AE5B-B9D7E67CD86A}.Debug|Any CPU.Build.0 = Debug|Any CPU
		{899D94B5-AAB0-4E91-AE5B-B9D7E67CD86A}.Release|Any CPU.ActiveCfg = Release|Any CPU
		{899D94B5-AAB0-4E91-AE5B-B9D7E67CD86A}.Release|Any CPU.Build.0 = Release|Any CPU
		{113CC8F6-7C4D-45F6-9531-0C485B2F6C28}.Debug|Any CPU.ActiveCfg = Debug|Any CPU
		{113CC8F6-7C4D-45F6-9531-0C485B2F6C28}.Debug|Any CPU.Build.0 = Debug|Any CPU
		{113CC8F6-7C4D-45F6-9531-0C485B2F6C28}.Release|Any CPU.ActiveCfg = Release|Any CPU
		{113CC8F6-7C4D-45F6-9531-0C485B2F6C28}.Release|Any CPU.Build.0 = Release|Any CPU
		{5C94EAAF-DDB8-44E8-8197-A51C5C53A2CE}.Debug|Any CPU.ActiveCfg = Debug|Any CPU
		{5C94EAAF-DDB8-44E8-8197-A51C5C53A2CE}.Debug|Any CPU.Build.0 = Debug|Any CPU
		{5C94EAAF-DDB8-44E8-8197-A51C5C53A2CE}.Release|Any CPU.ActiveCfg = Release|Any CPU
		{5C94EAAF-DDB8-44E8-8197-A51C5C53A2CE}.Release|Any CPU.Build.0 = Release|Any CPU
		{C9E8714D-8935-4A9D-8818-788A51B39C03}.Debug|Any CPU.ActiveCfg = Debug|Any CPU
		{C9E8714D-8935-4A9D-8818-788A51B39C03}.Debug|Any CPU.Build.0 = Debug|Any CPU
		{C9E8714D-8935-4A9D-8818-788A51B39C03}.Release|Any CPU.ActiveCfg = Release|Any CPU
		{C9E8714D-8935-4A9D-8818-788A51B39C03}.Release|Any CPU.Build.0 = Release|Any CPU
		{579C514D-6C1C-4841-8216-B9BD87BD6593}.Debug|Any CPU.ActiveCfg = Debug|Any CPU
		{579C514D-6C1C-4841-8216-B9BD87BD6593}.Debug|Any CPU.Build.0 = Debug|Any CPU
		{579C514D-6C1C-4841-8216-B9BD87BD6593}.Release|Any CPU.ActiveCfg = Release|Any CPU
		{579C514D-6C1C-4841-8216-B9BD87BD6593}.Release|Any CPU.Build.0 = Release|Any CPU
	EndGlobalSection
	GlobalSection(NestedProjects) = preSolution
		{647AE06D-93BF-4C4B-9D53-0FAA4F03757D} = {D80512F7-C352-4BD7-99A8-2D380494B3E8}
		{4E1BE947-CDE9-42D0-833F-A398005634F1} = {D80512F7-C352-4BD7-99A8-2D380494B3E8}
		{00084F80-B522-4A3C-A094-1A5421155AF9} = {3B522E65-A902-4A40-88D1-B332C2C3D2CB}
		{49F9692E-8A73-49C5-BCDA-2E6DC4EFDADE} = {3B522E65-A902-4A40-88D1-B332C2C3D2CB}
		{91A296BF-CC95-441C-A89A-ABBDFBC94245} = {D8E6EB8A-4E92-413C-8BED-631098302053}
		{899D94B5-AAB0-4E91-AE5B-B9D7E67CD86A} = {D8E6EB8A-4E92-413C-8BED-631098302053}
		{113CC8F6-7C4D-45F6-9531-0C485B2F6C28} = {72BA773F-D9D7-408A-9E90-183AFF20B7BC}
		{5C94EAAF-DDB8-44E8-8197-A51C5C53A2CE} = {72BA773F-D9D7-408A-9E90-183AFF20B7BC}
		{C9E8714D-8935-4A9D-8818-788A51B39C03} = {D80512F7-C352-4BD7-99A8-2D380494B3E8}
		{579C514D-6C1C-4841-8216-B9BD87BD6593} = {D80512F7-C352-4BD7-99A8-2D380494B3E8}
	EndGlobalSection
EndGlobal
